
Microsoft Visual Studio Solution File, Format Version 12.00
# Visual Studio Version 17
VisualStudioVersion = 17.7.34221.43
MinimumVisualStudioVersion = 10.0.40219.1
Project("{9A19103F-16F7-4668-BE54-9A1E7A4F7556}") = "Minesweeper", "ASJPSMFinal\Minesweeper.csproj", "{52DC288A-A41B-48BD-AF92-639B1DF8B468}"
EndProject
Global
	GlobalSection(SolutionConfigurationPlatforms) = preSolution
		Debug|Any CPU = Debug|Any CPU
		Release|Any CPU = Release|Any CPU
	EndGlobalSection
	GlobalSection(ProjectConfigurationPlatforms) = postSolution
		{52DC288A-A41B-48BD-AF92-639B1DF8B468}.Debug|Any CPU.ActiveCfg = Debug|Any CPU
		{52DC288A-A41B-48BD-AF92-639B1DF8B468}.Debug|Any CPU.Build.0 = Debug|Any CPU
		{52DC288A-A41B-48BD-AF92-639B1DF8B468}.Release|Any CPU.ActiveCfg = Release|Any CPU
		{52DC288A-A41B-48BD-AF92-639B1DF8B468}.Release|Any CPU.Build.0 = Release|Any CPU
	EndGlobalSection
	GlobalSection(SolutionProperties) = preSolution
		HideSolutionNode = FALSE
	EndGlobalSection
	GlobalSection(ExtensibilityGlobals) = postSolution
		SolutionGuid = {55FECB56-99EA-48AC-AF7D-4CE46301D4EF}
	EndGlobalSection
EndGlobal
